
Microsoft Visual Studio Solution File, Format Version 12.00
# Visual Studio 15
VisualStudioVersion = 15.0.28307.489
MinimumVisualStudioVersion = 10.0.40219.1
Project("{262852C6-CD72-467D-83FE-5EEB1973A190}") = "MobileStoyan", "MobileStoyan\MobileStoyan.jsproj", "{46EE2CE4-AF9C-4711-9E7F-00281B38E880}"
EndProject
Global
	GlobalSection(SolutionConfigurationPlatforms) = preSolution
		Debug|Android = Debug|Android
		Debug|iOS = Debug|iOS
		Debug|Windows-ARM = Debug|Windows-ARM
		Debug|Windows-x64 = Debug|Windows-x64
		Debug|Windows-x86 = Debug|Windows-x86
		Release|Android = Release|Android
		Release|iOS = Release|iOS
		Release|Windows-ARM = Release|Windows-ARM
		Release|Windows-x64 = Release|Windows-x64
		Release|Windows-x86 = Release|Windows-x86
	EndGlobalSection
	GlobalSection(ProjectConfigurationPlatforms) = postSolution
		{46EE2CE4-AF9C-4711-9E7F-00281B38E880}.Debug|Android.ActiveCfg = Debug|Android
		{46EE2CE4-AF9C-4711-9E7F-00281B38E880}.Debug|Android.Build.0 = Debug|Android
		{46EE2CE4-AF9C-4711-9E7F-00281B38E880}.Debug|Android.Deploy.0 = Debug|Android
		{46EE2CE4-AF9C-4711-9E7F-00281B38E880}.Debug|iOS.ActiveCfg = Debug|iOS
		{46EE2CE4-AF9C-4711-9E7F-00281B38E880}.Debug|iOS.Build.0 = Debug|iOS
		{46EE2CE4-AF9C-4711-9E7F-00281B38E880}.Debug|iOS.Deploy.0 = Debug|iOS
		{46EE2CE4-AF9C-4711-9E7F-00281B38E880}.Debug|Windows-ARM.ActiveCfg = Debug|Windows-ARM
		{46EE2CE4-AF9C-4711-9E7F-00281B38E880}.Debug|Windows-ARM.Build.0 = Debug|Windows-ARM
		{46EE2CE4-AF9C-4711-9E7F-00281B38E880}.Debug|Windows-ARM.Deploy.0 = Debug|Windows-ARM
		{46EE2CE4-AF9C-4711-9E7F-00281B38E880}.Debug|Windows-x64.ActiveCfg = Debug|Windows-x64
		{46EE2CE4-AF9C-4711-9E7F-00281B38E880}.Debug|Windows-x64.Build.0 = Debug|Windows-x64
		{46EE2CE4-AF9C-4711-9E7F-00281B38E880}.Debug|Windows-x64.Deploy.0 = Debug|Windows-x64
		{46EE2CE4-AF9C-4711-9E7F-00281B38E880}.Debug|Windows-x86.ActiveCfg = Debug|Windows-x86
		{46EE2CE4-AF9C-4711-9E7F-00281B38E880}.Debug|Windows-x86.Build.0 = Debug|Windows-x86
		{46EE2CE4-AF9C-4711-9E7F-00281B38E880}.Debug|Windows-x86.Deploy.0 = Debug|Windows-x86
		{46EE2CE4-AF9C-4711-9E7F-00281B38E880}.Release|Android.ActiveCfg = Release|Android
		{46EE2CE4-AF9C-4711-9E7F-00281B38E880}.Release|Android.Build.0 = Release|Android
		{46EE2CE4-AF9C-4711-9E7F-00281B38E880}.Release|Android.Deploy.0 = Release|Android
		{46EE2CE4-AF9C-4711-9E7F-00281B38E880}.Release|iOS.ActiveCfg = Release|iOS
		{46EE2CE4-AF9C-4711-9E7F-00281B38E880}.Release|iOS.Build.0 = Release|iOS
		{46EE2CE4-AF9C-4711-9E7F-00281B38E880}.Release|iOS.Deploy.0 = Release|iOS
		{46EE2CE4-AF9C-4711-9E7F-00281B38E880}.Release|Windows-ARM.ActiveCfg = Release|Windows-ARM
		{46EE2CE4-AF9C-4711-9E7F-00281B38E880}.Release|Windows-ARM.Build.0 = Release|Windows-ARM
		{46EE2CE4-AF9C-4711-9E7F-00281B38E880}.Release|Windows-ARM.Deploy.0 = Release|Windows-ARM
		{46EE2CE4-AF9C-4711-9E7F-00281B38E880}.Release|Windows-x64.ActiveCfg = Release|Windows-x64
		{46EE2CE4-AF9C-4711-9E7F-00281B38E880}.Release|Windows-x64.Build.0 = Release|Windows-x64
		{46EE2CE4-AF9C-4711-9E7F-00281B38E880}.Release|Windows-x64.Deploy.0 = Release|Windows-x64
		{46EE2CE4-AF9C-4711-9E7F-00281B38E880}.Release|Windows-x86.ActiveCfg = Release|Windows-x86
		{46EE2CE4-AF9C-4711-9E7F-00281B38E880}.Release|Windows-x86.Build.0 = Release|Windows-x86
		{46EE2CE4-AF9C-4711-9E7F-00281B38E880}.Release|Windows-x86.Deploy.0 = Release|Windows-x86
	EndGlobalSection
	GlobalSection(SolutionProperties) = preSolution
		HideSolutionNode = FALSE
	EndGlobalSection
	GlobalSection(ExtensibilityGlobals) = postSolution
		SolutionGuid = {DBEAC1C8-4138-46FC-B89D-5D79A510C9CD}
	EndGlobalSection
EndGlobal
